
Microsoft Visual Studio Solution File, Format Version 12.00
# Visual Studio Version 16
VisualStudioVersion = 16.0.30523.141
MinimumVisualStudioVersion = 10.0.40219.1
Project("{FAE04EC0-301F-11D3-BF4B-00C04F79EFBC}") = "CLOSERS_CMFReader", "CLOSERS_CMFReader\CLOSERS_CMFReader.csproj", "{1A5B1BEB-E3C0-4254-AB09-51036C677C40}"
EndProject
Project("{FAE04EC0-301F-11D3-BF4B-00C04F79EFBC}") = "CMF-Sharp", "Closers-CMF\CMF-Sharp\CMF-Sharp.csproj", "{31B124B1-29E4-41E5-A10C-98D7E2985400}"
EndProject
Global
	GlobalSection(SolutionConfigurationPlatforms) = preSolution
		Debug|Any CPU = Debug|Any CPU
		Release|Any CPU = Release|Any CPU
	EndGlobalSection
	GlobalSection(ProjectConfigurationPlatforms) = postSolution
		{1A5B1BEB-E3C0-4254-AB09-51036C677C40}.Debug|Any CPU.ActiveCfg = Debug|Any CPU
		{1A5B1BEB-E3C0-4254-AB09-51036C677C40}.Debug|Any CPU.Build.0 = Debug|Any CPU
		{1A5B1BEB-E3C0-4254-AB09-51036C677C40}.Release|Any CPU.ActiveCfg = Release|Any CPU
		{1A5B1BEB-E3C0-4254-AB09-51036C677C40}.Release|Any CPU.Build.0 = Release|Any CPU
		{31B124B1-29E4-41E5-A10C-98D7E2985400}.Debug|Any CPU.ActiveCfg = Debug|Any CPU
		{31B124B1-29E4-41E5-A10C-98D7E2985400}.Debug|Any CPU.Build.0 = Debug|Any CPU
		{31B124B1-29E4-41E5-A10C-98D7E2985400}.Release|Any CPU.ActiveCfg = Release|Any CPU
		{31B124B1-29E4-41E5-A10C-98D7E2985400}.Release|Any CPU.Build.0 = Release|Any CPU
	EndGlobalSection
	GlobalSection(SolutionProperties) = preSolution
		HideSolutionNode = FALSE
	EndGlobalSection
	GlobalSection(ExtensibilityGlobals) = postSolution
		SolutionGuid = {0D25CFE0-4C5B-4C1C-AB54-6133D2323430}
	EndGlobalSection
EndGlobal
